// !$*UTF8*$!
{
	archiveVersion = 1;
	classes = {
	};
	objectVersion = 56;
	objects = {

/* Begin PBXBuildFile section */
		C103A5732CEB905300415C8C /* MenuViewController.swift in Sources */ = {isa = PBXBuildFile; fileRef = C103A5722CEB905300415C8C /* MenuViewController.swift */; };
		C116A7582CF5F4370077E326 /* WebViewController.swift in Sources */ = {isa = PBXBuildFile; fileRef = C116A7572CF5F4370077E326 /* WebViewController.swift */; };
		C116A75A2CF5FBC10077E326 /* ServersViewController.swift in Sources */ = {isa = PBXBuildFile; fileRef = C116A7592CF5FBC10077E326 /* ServersViewController.swift */; };
		C116A75C2CF61A8D0077E326 /* MenuTableViewCell.swift in Sources */ = {isa = PBXBuildFile; fileRef = C116A75B2CF61A8D0077E326 /* MenuTableViewCell.swift */; };
		C116A75E2CF61F980077E326 /* ServerTableViewCell.swift in Sources */ = {isa = PBXBuildFile; fileRef = C116A75D2CF61F980077E326 /* ServerTableViewCell.swift */; };
		C15D80152CEB6C560030B42E /* AppDelegate.swift in Sources */ = {isa = PBXBuildFile; fileRef = C15D80142CEB6C560030B42E /* AppDelegate.swift */; };
		C15D80172CEB6C560030B42E /* SceneDelegate.swift in Sources */ = {isa = PBXBuildFile; fileRef = C15D80162CEB6C560030B42E /* SceneDelegate.swift */; };
		C15D80192CEB6C560030B42E /* ViewController.swift in Sources */ = {isa = PBXBuildFile; fileRef = C15D80182CEB6C560030B42E /* ViewController.swift */; };
		C15D801C2CEB6C560030B42E /* Main.storyboard in Resources */ = {isa = PBXBuildFile; fileRef = C15D801A2CEB6C560030B42E /* Main.storyboard */; };
		C15D801E2CEB6C570030B42E /* Assets.xcassets in Resources */ = {isa = PBXBuildFile; fileRef = C15D801D2CEB6C570030B42E /* Assets.xcassets */; };
		C15D80212CEB6C570030B42E /* LaunchScreen.storyboard in Resources */ = {isa = PBXBuildFile; fileRef = C15D801F2CEB6C570030B42E /* LaunchScreen.storyboard */; };
/* End PBXBuildFile section */

/* Begin PBXFileReference section */
		C103A5722CEB905300415C8C /* MenuViewController.swift */ = {isa = PBXFileReference; lastKnownFileType = sourcecode.swift; path = MenuViewController.swift; sourceTree = "<group>"; };
		C116A7572CF5F4370077E326 /* WebViewController.swift */ = {isa = PBXFileReference; lastKnownFileType = sourcecode.swift; path = WebViewController.swift; sourceTree = "<group>"; };
		C116A7592CF5FBC10077E326 /* ServersViewController.swift */ = {isa = PBXFileReference; lastKnownFileType = sourcecode.swift; path = ServersViewController.swift; sourceTree = "<group>"; };
		C116A75B2CF61A8D0077E326 /* MenuTableViewCell.swift */ = {isa = PBXFileReference; lastKnownFileType = sourcecode.swift; path = MenuTableViewCell.swift; sourceTree = "<group>"; };
		C116A75D2CF61F980077E326 /* ServerTableViewCell.swift */ = {isa = PBXFileReference; lastKnownFileType = sourcecode.swift; path = ServerTableViewCell.swift; sourceTree = "<group>"; };
		C15D80112CEB6C560030B42E /* Xray VPN Design.app */ = {isa = PBXFileReference; explicitFileType = wrapper.application; includeInIndex = 0; path = "Xray VPN Design.app"; sourceTree = BUILT_PRODUCTS_DIR; };
		C15D80142CEB6C560030B42E /* AppDelegate.swift */ = {isa = PBXFileReference; lastKnownFileType = sourcecode.swift; path = AppDelegate.swift; sourceTree = "<group>"; };
		C15D80162CEB6C560030B42E /* SceneDelegate.swift */ = {isa = PBXFileReference; lastKnownFileType = sourcecode.swift; path = SceneDelegate.swift; sourceTree = "<group>"; };
		C15D80182CEB6C560030B42E /* ViewController.swift */ = {isa = PBXFileReference; lastKnownFileType = sourcecode.swift; path = ViewController.swift; sourceTree = "<group>"; };
		C15D801B2CEB6C560030B42E /* Base */ = {isa = PBXFileReference; lastKnownFileType = file.storyboard; name = Base; path = Base.lproj/Main.storyboard; sourceTree = "<group>"; };
		C15D801D2CEB6C570030B42E /* Assets.xcassets */ = {isa = PBXFileReference; lastKnownFileType = folder.assetcatalog; path = Assets.xcassets; sourceTree = "<group>"; };
		C15D80202CEB6C570030B42E /* Base */ = {isa = PBXFileReference; lastKnownFileType = file.storyboard; name = Base; path = Base.lproj/LaunchScreen.storyboard; sourceTree = "<group>"; };
		C15D80222CEB6C570030B42E /* Info.plist */ = {isa = PBXFileReference; lastKnownFileType = text.plist.xml; path = Info.plist; sourceTree = "<group>"; };
/* End PBXFileReference section */

/* Begin PBXFrameworksBuildPhase section */
		C15D800E2CEB6C560030B42E /* Frameworks */ = {
			isa = PBXFrameworksBuildPhase;
			buildActionMask = 2147483647;
			files = (
			);
			runOnlyForDeploymentPostprocessing = 0;
		};
/* End PBXFrameworksBuildPhase section */

/* Begin PBXGroup section */
		C15D80082CEB6C560030B42E = {
			isa = PBXGroup;
			children = (
				C15D80132CEB6C560030B42E /* Xray VPN Design */,
				C15D80122CEB6C560030B42E /* Products */,
			);
			sourceTree = "<group>";
		};
		C15D80122CEB6C560030B42E /* Products */ = {
			isa = PBXGroup;
			children = (
				C15D80112CEB6C560030B42E /* Xray VPN Design.app */,
			);
			name = Products;
			sourceTree = "<group>";
		};
		C15D80132CEB6C560030B42E /* Xray VPN Design */ = {
			isa = PBXGroup;
			children = (
				C15D80142CEB6C560030B42E /* AppDelegate.swift */,
				C15D80162CEB6C560030B42E /* SceneDelegate.swift */,
				C15D80182CEB6C560030B42E /* ViewController.swift */,
				C116A7572CF5F4370077E326 /* WebViewController.swift */,
				C103A5722CEB905300415C8C /* MenuViewController.swift */,
				C116A75B2CF61A8D0077E326 /* MenuTableViewCell.swift */,
				C116A7592CF5FBC10077E326 /* ServersViewController.swift */,
				C116A75D2CF61F980077E326 /* ServerTableViewCell.swift */,
				C15D801A2CEB6C560030B42E /* Main.storyboard */,
				C15D801D2CEB6C570030B42E /* Assets.xcassets */,
				C15D801F2CEB6C570030B42E /* LaunchScreen.storyboard */,
				C15D80222CEB6C570030B42E /* Info.plist */,
			);
			path = "Xray VPN Design";
			sourceTree = "<group>";
		};
/* End PBXGroup section */

/* Begin PBXNativeTarget section */
		C15D80102CEB6C560030B42E /* Xray VPN Design */ = {
			isa = PBXNativeTarget;
			buildConfigurationList = C15D80252CEB6C570030B42E /* Build configuration list for PBXNativeTarget "Xray VPN Design" */;
			buildPhases = (
				C15D800D2CEB6C560030B42E /* Sources */,
				C15D800E2CEB6C560030B42E /* Frameworks */,
				C15D800F2CEB6C560030B42E /* Resources */,
			);
			buildRules = (
			);
			dependencies = (
			);
			name = "Xray VPN Design";
			productName = "Xray VPN Design";
			productReference = C15D80112CEB6C560030B42E /* Xray VPN Design.app */;
			productType = "com.apple.product-type.application";
		};
/* End PBXNativeTarget section */

/* Begin PBXProject section */
		C15D80092CEB6C560030B42E /* Project object */ = {
			isa = PBXProject;
			attributes = {
				BuildIndependentTargetsInParallel = 1;
				LastSwiftUpdateCheck = 1500;
				LastUpgradeCheck = 1500;
				TargetAttributes = {
					C15D80102CEB6C560030B42E = {
						CreatedOnToolsVersion = 15.0.1;
					};
				};
			};
			buildConfigurationList = C15D800C2CEB6C560030B42E /* Build configuration list for PBXProject "Xray VPN Design" */;
			compatibilityVersion = "Xcode 14.0";
			developmentRegion = en;
			hasScannedForEncodings = 0;
			knownRegions = (
				en,
				Base,
			);
			mainGroup = C15D80082CEB6C560030B42E;
			productRefGroup = C15D80122CEB6C560030B42E /* Products */;
			projectDirPath = "";
			projectRoot = "";
			targets = (
				C15D80102CEB6C560030B42E /* Xray VPN Design */,
			);
		};
/* End PBXProject section */

/* Begin PBXResourcesBuildPhase section */
		C15D800F2CEB6C560030B42E /* Resources */ = {
			isa = PBXResourcesBuildPhase;
			buildActionMask = 2147483647;
			files = (
				C15D80212CEB6C570030B42E /* LaunchScreen.storyboard in Resources */,
				C15D801E2CEB6C570030B42E /* Assets.xcassets in Resources */,
				C15D801C2CEB6C560030B42E /* Main.storyboard in Resources */,
			);
			runOnlyForDeploymentPostprocessing = 0;
		};
/* End PBXResourcesBuildPhase section */

/* Begin PBXSourcesBuildPhase section */
		C15D800D2CEB6C560030B42E /* Sources */ = {
			isa = PBXSourcesBuildPhase;
			buildActionMask = 2147483647;
			files = (
				C15D80192CEB6C560030B42E /* ViewController.swift in Sources */,
				C15D80152CEB6C560030B42E /* AppDelegate.swift in Sources */,
				C116A75C2CF61A8D0077E326 /* MenuTableViewCell.swift in Sources */,
				C15D80172CEB6C560030B42E /* SceneDelegate.swift in Sources */,
				C116A75A2CF5FBC10077E326 /* ServersViewController.swift in Sources */,
				C116A7582CF5F4370077E326 /* WebViewController.swift in Sources */,
				C116A75E2CF61F980077E326 /* ServerTableViewCell.swift in Sources */,
				C103A5732CEB905300415C8C /* MenuViewController.swift in Sources */,
			);
			runOnlyForDeploymentPostprocessing = 0;
		};
/* End PBXSourcesBuildPhase section */

/* Begin PBXVariantGroup section */
		C15D801A2CEB6C560030B42E /* Main.storyboard */ = {
			isa = PBXVariantGroup;
			children = (
				C15D801B2CEB6C560030B42E /* Base */,
			);
			name = Main.storyboard;
			sourceTree = "<group>";
		};
		C15D801F2CEB6C570030B42E /* LaunchScreen.storyboard */ = {
			isa = PBXVariantGroup;
			children = (
				C15D80202CEB6C570030B42E /* Base */,
			);
			name = LaunchScreen.storyboard;
			sourceTree = "<group>";
		};
/* End PBXVariantGroup section */

/* Begin XCBuildConfiguration section */
		C15D80232CEB6C570030B42E /* Debug */ = {
			isa = XCBuildConfiguration;
			buildSettings = {
				ALWAYS_SEARCH_USER_PATHS = NO;
				ASSETCATALOG_COMPILER_GENERATE_SWIFT_ASSET_SYMBOL_EXTENSIONS = YES;
				CLANG_ANALYZER_NONNULL = YES;
				CLANG_ANALYZER_NUMBER_OBJECT_CONVERSION = YES_AGGRESSIVE;
				CLANG_CXX_LANGUAGE_STANDARD = "gnu++20";
				CLANG_ENABLE_MODULES = YES;
				CLANG_ENABLE_OBJC_ARC = YES;
				CLANG_ENABLE_OBJC_WEAK = YES;
				CLANG_WARN_BLOCK_CAPTURE_AUTORELEASING = YES;
				CLANG_WARN_BOOL_CONVERSION = YES;
				CLANG_WARN_COMMA = YES;
				CLANG_WARN_CONSTANT_CONVERSION = YES;
				CLANG_WARN_DEPRECATED_OBJC_IMPLEMENTATIONS = YES;
				CLANG_WARN_DIRECT_OBJC_ISA_USAGE = YES_ERROR;
				CLANG_WARN_DOCUMENTATION_COMMENTS = YES;
				CLANG_WARN_EMPTY_BODY = YES;
				CLANG_WARN_ENUM_CONVERSION = YES;
				CLANG_WARN_INFINITE_RECURSION = YES;
				CLANG_WARN_INT_CONVERSION = YES;
				CLANG_WARN_NON_LITERAL_NULL_CONVERSION = YES;
				CLANG_WARN_OBJC_IMPLICIT_RETAIN_SELF = YES;
				CLANG_WARN_OBJC_LITERAL_CONVERSION = YES;
				CLANG_WARN_OBJC_ROOT_CLASS = YES_ERROR;
				CLANG_WARN_QUOTED_INCLUDE_IN_FRAMEWORK_HEADER = YES;
				CLANG_WARN_RANGE_LOOP_ANALYSIS = YES;
				CLANG_WARN_STRICT_PROTOTYPES = YES;
				CLANG_WARN_SUSPICIOUS_MOVE = YES;
				CLANG_WARN_UNGUARDED_AVAILABILITY = YES_AGGRESSIVE;
				CLANG_WARN_UNREACHABLE_CODE = YES;
				CLANG_WARN__DUPLICATE_METHOD_MATCH = YES;
				COPY_PHASE_STRIP = NO;
				DEBUG_INFORMATION_FORMAT = dwarf;
				ENABLE_STRICT_OBJC_MSGSEND = YES;
				ENABLE_TESTABILITY = YES;
				ENABLE_USER_SCRIPT_SANDBOXING = YES;
				GCC_C_LANGUAGE_STANDARD = gnu17;
				GCC_DYNAMIC_NO_PIC = NO;
				GCC_NO_COMMON_BLOCKS = YES;
				GCC_OPTIMIZATION_LEVEL = 0;
				GCC_PREPROCESSOR_DEFINITIONS = (
					"DEBUG=1",
					"$(inherited)",
				);
				GCC_WARN_64_TO_32_BIT_CONVERSION = YES;
				GCC_WARN_ABOUT_RETURN_TYPE = YES_ERROR;
				GCC_WARN_UNDECLARED_SELECTOR = YES;
				GCC_WARN_UNINITIALIZED_AUTOS = YES_AGGRESSIVE;
				GCC_WARN_UNUSED_FUNCTION = YES;
				GCC_WARN_UNUSED_VARIABLE = YES;
				IPHONEOS_DEPLOYMENT_TARGET = 17.0;
				LOCALIZATION_PREFERS_STRING_CATALOGS = YES;
				MTL_ENABLE_DEBUG_INFO = INCLUDE_SOURCE;
				MTL_FAST_MATH = YES;
				ONLY_ACTIVE_ARCH = YES;
				SDKROOT = iphoneos;
				SWIFT_ACTIVE_COMPILATION_CONDITIONS = "DEBUG $(inherited)";
				SWIFT_OPTIMIZATION_LEVEL = "-Onone";
			};
			name = Debug;
		};
		C15D80242CEB6C570030B42E /* Release */ = {
			isa = XCBuildConfiguration;
			buildSettings = {
				ALWAYS_SEARCH_USER_PATHS = NO;
				ASSETCATALOG_COMPILER_GENERATE_SWIFT_ASSET_SYMBOL_EXTENSIONS = YES;
				CLANG_ANALYZER_NONNULL = YES;
				CLANG_ANALYZER_NUMBER_OBJECT_CONVERSION = YES_AGGRESSIVE;
				CLANG_CXX_LANGUAGE_STANDARD = "gnu++20";
				CLANG_ENABLE_MODULES = YES;
				CLANG_ENABLE_OBJC_ARC = YES;
				CLANG_ENABLE_OBJC_WEAK = YES;
				CLANG_WARN_BLOCK_CAPTURE_AUTORELEASING = YES;
				CLANG_WARN_BOOL_CONVERSION = YES;
				CLANG_WARN_COMMA = YES;
				CLANG_WARN_CONSTANT_CONVERSION = YES;
				CLANG_WARN_DEPRECATED_OBJC_IMPLEMENTATIONS = YES;
				CLANG_WARN_DIRECT_OBJC_ISA_USAGE = YES_ERROR;
				CLANG_WARN_DOCUMENTATION_COMMENTS = YES;
				CLANG_WARN_EMPTY_BODY = YES;
				CLANG_WARN_ENUM_CONVERSION = YES;
				CLANG_WARN_INFINITE_RECURSION = YES;
				CLANG_WARN_INT_CONVERSION = YES;
				CLANG_WARN_NON_LITERAL_NULL_CONVERSION = YES;
				CLANG_WARN_OBJC_IMPLICIT_RETAIN_SELF = YES;
				CLANG_WARN_OBJC_LITERAL_CONVERSION = YES;
				CLANG_WARN_OBJC_ROOT_CLASS = YES_ERROR;
				CLANG_WARN_QUOTED_INCLUDE_IN_FRAMEWORK_HEADER = YES;
				CLANG_WARN_RANGE_LOOP_ANALYSIS = YES;
				CLANG_WARN_STRICT_PROTOTYPES = YES;
				CLANG_WARN_SUSPICIOUS_MOVE = YES;
				CLANG_WARN_UNGUARDED_AVAILABILITY = YES_AGGRESSIVE;
				CLANG_WARN_UNREACHABLE_CODE = YES;
				CLANG_WARN__DUPLICATE_METHOD_MATCH = YES;
				COPY_PHASE_STRIP = NO;
				DEBUG_INFORMATION_FORMAT = "dwarf-with-dsym";
				ENABLE_NS_ASSERTIONS = NO;
				ENABLE_STRICT_OBJC_MSGSEND = YES;
				ENABLE_USER_SCRIPT_SANDBOXING = YES;
				GCC_C_LANGUAGE_STANDARD = gnu17;
				GCC_NO_COMMON_BLOCKS = YES;
				GCC_WARN_64_TO_32_BIT_CONVERSION = YES;
				GCC_WARN_ABOUT_RETURN_TYPE = YES_ERROR;
				GCC_WARN_UNDECLARED_SELECTOR = YES;
				GCC_WARN_UNINITIALIZED_AUTOS = YES_AGGRESSIVE;
				GCC_WARN_UNUSED_FUNCTION = YES;
				GCC_WARN_UNUSED_VARIABLE = YES;
				IPHONEOS_DEPLOYMENT_TARGET = 17.0;
				LOCALIZATION_PREFERS_STRING_CATALOGS = YES;
				MTL_ENABLE_DEBUG_INFO = NO;
				MTL_FAST_MATH = YES;
				SDKROOT = iphoneos;
				SWIFT_COMPILATION_MODE = wholemodule;
				VALIDATE_PRODUCT = YES;
			};
			name = Release;
		};
		C15D80262CEB6C570030B42E /* Debug */ = {
			isa = XCBuildConfiguration;
			buildSettings = {
				ASSETCATALOG_COMPILER_APPICON_NAME = AppIcon;
				ASSETCATALOG_COMPILER_GLOBAL_ACCENT_COLOR_NAME = AccentColor;
				CODE_SIGN_STYLE = Automatic;
				CURRENT_PROJECT_VERSION = 1;
				DEVELOPMENT_TEAM = H2CTSGD7K5;
				GENERATE_INFOPLIST_FILE = YES;
				INFOPLIST_FILE = "Xray VPN Design/Info.plist";
				INFOPLIST_KEY_UIApplicationSupportsIndirectInputEvents = YES;
				INFOPLIST_KEY_UILaunchStoryboardName = LaunchScreen;
				INFOPLIST_KEY_UIMainStoryboardFile = Main;
				INFOPLIST_KEY_UISupportedInterfaceOrientations_iPad = "UIInterfaceOrientationPortrait UIInterfaceOrientationPortraitUpsideDown UIInterfaceOrientationLandscapeLeft UIInterfaceOrientationLandscapeRight";
				INFOPLIST_KEY_UISupportedInterfaceOrientations_iPhone = "UIInterfaceOrientationPortrait UIInterfaceOrientationLandscapeLeft UIInterfaceOrientationLandscapeRight";
				IPHONEOS_DEPLOYMENT_TARGET = 15.0;
				LD_RUNPATH_SEARCH_PATHS = (
					"$(inherited)",
					"@executable_path/Frameworks",
				);
				MARKETING_VERSION = 1.0;
				PRODUCT_BUNDLE_IDENTIFIER = "com.zeeshan.Xray-VPN-Design";
				PRODUCT_NAME = "$(TARGET_NAME)";
				SWIFT_EMIT_LOC_STRINGS = YES;
				SWIFT_VERSION = 5.0;
				TARGETED_DEVICE_FAMILY = "1,2";
			};
			name = Debug;
		};
		C15D80272CEB6C570030B42E /* Release */ = {
			isa = XCBuildConfiguration;
			buildSettings = {
				ASSETCATALOG_COMPILER_APPICON_NAME = AppIcon;
				ASSETCATALOG_COMPILER_GLOBAL_ACCENT_COLOR_NAME = AccentColor;
				CODE_SIGN_STYLE = Automatic;
				CURRENT_PROJECT_VERSION = 1;
				DEVELOPMENT_TEAM = H2CTSGD7K5;
				GENERATE_INFOPLIST_FILE = YES;
				INFOPLIST_FILE = "Xray VPN Design/Info.plist";
				INFOPLIST_KEY_UIApplicationSupportsIndirectInputEvents = YES;
				INFOPLIST_KEY_UILaunchStoryboardName = LaunchScreen;
				INFOPLIST_KEY_UIMainStoryboardFile = Main;
				INFOPLIST_KEY_UISupportedInterfaceOrientations_iPad = "UIInterfaceOrientationPortrait UIInterfaceOrientationPortraitUpsideDown UIInterfaceOrientationLandscapeLeft UIInterfaceOrientationLandscapeRight";
				INFOPLIST_KEY_UISupportedInterfaceOrientations_iPhone = "UIInterfaceOrientationPortrait UIInterfaceOrientationLandscapeLeft UIInterfaceOrientationLandscapeRight";
				IPHONEOS_DEPLOYMENT_TARGET = 15.0;
				LD_RUNPATH_SEARCH_PATHS = (
					"$(inherited)",
					"@executable_path/Frameworks",
				);
				MARKETING_VERSION = 1.0;
				PRODUCT_BUNDLE_IDENTIFIER = "com.zeeshan.Xray-VPN-Design";
				PRODUCT_NAME = "$(TARGET_NAME)";
				SWIFT_EMIT_LOC_STRINGS = YES;
				SWIFT_VERSION = 5.0;
				TARGETED_DEVICE_FAMILY = "1,2";
			};
			name = Release;
		};
/* End XCBuildConfiguration section */

/* Begin XCConfigurationList section */
		C15D800C2CEB6C560030B42E /* Build configuration list for PBXProject "Xray VPN Design" */ = {
			isa = XCConfigurationList;
			buildConfigurations = (
				C15D80232CEB6C570030B42E /* Debug */,
				C15D80242CEB6C570030B42E /* Release */,
			);
			defaultConfigurationIsVisible = 0;
			defaultConfigurationName = Release;
		};
		C15D80252CEB6C570030B42E /* Build configuration list for PBXNativeTarget "Xray VPN Design" */ = {
			isa = XCConfigurationList;
			buildConfigurations = (
				C15D80262CEB6C570030B42E /* Debug */,
				C15D80272CEB6C570030B42E /* Release */,
			);
			defaultConfigurationIsVisible = 0;
			defaultConfigurationName = Release;
		};
/* End XCConfigurationList section */
	};
	rootObject = C15D80092CEB6C560030B42E /* Project object */;
}
